// !$*UTF8*$!
{
	archiveVersion = 1;
	classes = {
	};
	objectVersion = 48;
	objects = {

/* Begin PBXBuildFile section */
		72A36A591F5D579C00798329 /* AppDelegate.swift in Sources */ = {isa = PBXBuildFile; fileRef = 72A36A581F5D579C00798329 /* AppDelegate.swift */; };
		72A36A5B1F5D579C00798329 /* ViewController.swift in Sources */ = {isa = PBXBuildFile; fileRef = 72A36A5A1F5D579C00798329 /* ViewController.swift */; };
		72A36A5E1F5D579C00798329 /* Main.storyboard in Resources */ = {isa = PBXBuildFile; fileRef = 72A36A5C1F5D579C00798329 /* Main.storyboard */; };
		72A36A601F5D579C00798329 /* Assets.xcassets in Resources */ = {isa = PBXBuildFile; fileRef = 72A36A5F1F5D579C00798329 /* Assets.xcassets */; };
		72A36A631F5D579C00798329 /* LaunchScreen.storyboard in Resources */ = {isa = PBXBuildFile; fileRef = 72A36A611F5D579C00798329 /* LaunchScreen.storyboard */; };
		72A36A6D1F5D63C500798329 /* Pokemon.swift in Sources */ = {isa = PBXBuildFile; fileRef = 72A36A6C1F5D63C500798329 /* Pokemon.swift */; };
		72A36A701F5D761F00798329 /* PokeCell.swift in Sources */ = {isa = PBXBuildFile; fileRef = 72A36A6F1F5D761F00798329 /* PokeCell.swift */; };
/* End PBXBuildFile section */

/* Begin PBXFileReference section */
		72A36A551F5D579C00798329 /* pokedex4.app */ = {isa = PBXFileReference; explicitFileType = wrapper.application; includeInIndex = 0; path = pokedex4.app; sourceTree = BUILT_PRODUCTS_DIR; };
		72A36A581F5D579C00798329 /* AppDelegate.swift */ = {isa = PBXFileReference; lastKnownFileType = sourcecode.swift; path = AppDelegate.swift; sourceTree = "<group>"; };
		72A36A5A1F5D579C00798329 /* ViewController.swift */ = {isa = PBXFileReference; lastKnownFileType = sourcecode.swift; path = ViewController.swift; sourceTree = "<group>"; };
		72A36A5D1F5D579C00798329 /* Base */ = {isa = PBXFileReference; lastKnownFileType = file.storyboard; name = Base; path = Base.lproj/Main.storyboard; sourceTree = "<group>"; };
		72A36A5F1F5D579C00798329 /* Assets.xcassets */ = {isa = PBXFileReference; lastKnownFileType = folder.assetcatalog; path = Assets.xcassets; sourceTree = "<group>"; };
		72A36A621F5D579C00798329 /* Base */ = {isa = PBXFileReference; lastKnownFileType = file.storyboard; name = Base; path = Base.lproj/LaunchScreen.storyboard; sourceTree = "<group>"; };
		72A36A641F5D579C00798329 /* Info.plist */ = {isa = PBXFileReference; lastKnownFileType = text.plist.xml; path = Info.plist; sourceTree = "<group>"; };
		72A36A6A1F5D612400798329 /* pokemon.csv */ = {isa = PBXFileReference; lastKnownFileType = text; path = pokemon.csv; sourceTree = "<group>"; };
		72A36A6C1F5D63C500798329 /* Pokemon.swift */ = {isa = PBXFileReference; lastKnownFileType = sourcecode.swift; path = Pokemon.swift; sourceTree = "<group>"; };
		72A36A6F1F5D761F00798329 /* PokeCell.swift */ = {isa = PBXFileReference; lastKnownFileType = sourcecode.swift; path = PokeCell.swift; sourceTree = "<group>"; };
/* End PBXFileReference section */

/* Begin PBXFrameworksBuildPhase section */
		72A36A521F5D579C00798329 /* Frameworks */ = {
			isa = PBXFrameworksBuildPhase;
			buildActionMask = 2147483647;
			files = (
			);
			runOnlyForDeploymentPostprocessing = 0;
		};
/* End PBXFrameworksBuildPhase section */

/* Begin PBXGroup section */
		72A36A4C1F5D579C00798329 = {
			isa = PBXGroup;
			children = (
				72A36A571F5D579C00798329 /* pokedex4 */,
				72A36A561F5D579C00798329 /* Products */,
			);
			sourceTree = "<group>";
		};
		72A36A561F5D579C00798329 /* Products */ = {
			isa = PBXGroup;
			children = (
				72A36A551F5D579C00798329 /* pokedex4.app */,
			);
			name = Products;
			sourceTree = "<group>";
		};
		72A36A571F5D579C00798329 /* pokedex4 */ = {
			isa = PBXGroup;
			children = (
				72A36A6E1F5D75F800798329 /* View */,
				72A36A6B1F5D63AE00798329 /* Model */,
				72A36A581F5D579C00798329 /* AppDelegate.swift */,
				72A36A5A1F5D579C00798329 /* ViewController.swift */,
				72A36A5C1F5D579C00798329 /* Main.storyboard */,
				72A36A5F1F5D579C00798329 /* Assets.xcassets */,
				72A36A6A1F5D612400798329 /* pokemon.csv */,
				72A36A611F5D579C00798329 /* LaunchScreen.storyboard */,
				72A36A641F5D579C00798329 /* Info.plist */,
			);
			path = pokedex4;
			sourceTree = "<group>";
		};
		72A36A6B1F5D63AE00798329 /* Model */ = {
			isa = PBXGroup;
			children = (
				72A36A6C1F5D63C500798329 /* Pokemon.swift */,
			);
			path = Model;
			sourceTree = "<group>";
		};
		72A36A6E1F5D75F800798329 /* View */ = {
			isa = PBXGroup;
			children = (
				72A36A6F1F5D761F00798329 /* PokeCell.swift */,
			);
			path = View;
			sourceTree = "<group>";
		};
/* End PBXGroup section */

/* Begin PBXNativeTarget section */
		72A36A541F5D579C00798329 /* pokedex4 */ = {
			isa = PBXNativeTarget;
			buildConfigurationList = 72A36A671F5D579C00798329 /* Build configuration list for PBXNativeTarget "pokedex4" */;
			buildPhases = (
				72A36A511F5D579C00798329 /* Sources */,
				72A36A521F5D579C00798329 /* Frameworks */,
				72A36A531F5D579C00798329 /* Resources */,
			);
			buildRules = (
			);
			dependencies = (
			);
			name = pokedex4;
			productName = pokedex4;
			productReference = 72A36A551F5D579C00798329 /* pokedex4.app */;
			productType = "com.apple.product-type.application";
		};
/* End PBXNativeTarget section */

/* Begin PBXProject section */
		72A36A4D1F5D579C00798329 /* Project object */ = {
			isa = PBXProject;
			attributes = {
				LastSwiftUpdateCheck = 0900;
				LastUpgradeCheck = 0900;
				ORGANIZATIONNAME = weHD;
				TargetAttributes = {
					72A36A541F5D579C00798329 = {
						CreatedOnToolsVersion = 9.0;
					};
				};
			};
			buildConfigurationList = 72A36A501F5D579C00798329 /* Build configuration list for PBXProject "pokedex4" */;
			compatibilityVersion = "Xcode 8.0";
			developmentRegion = en;
			hasScannedForEncodings = 0;
			knownRegions = (
				en,
				Base,
			);
			mainGroup = 72A36A4C1F5D579C00798329;
			productRefGroup = 72A36A561F5D579C00798329 /* Products */;
			projectDirPath = "";
			projectRoot = "";
			targets = (
				72A36A541F5D579C00798329 /* pokedex4 */,
			);
		};
/* End PBXProject section */

/* Begin PBXResourcesBuildPhase section */
		72A36A531F5D579C00798329 /* Resources */ = {
			isa = PBXResourcesBuildPhase;
			buildActionMask = 2147483647;
			files = (
				72A36A631F5D579C00798329 /* LaunchScreen.storyboard in Resources */,
				72A36A601F5D579C00798329 /* Assets.xcassets in Resources */,
				72A36A5E1F5D579C00798329 /* Main.storyboard in Resources */,
			);
			runOnlyForDeploymentPostprocessing = 0;
		};
/* End PBXResourcesBuildPhase section */

/* Begin PBXSourcesBuildPhase section */
		72A36A511F5D579C00798329 /* Sources */ = {
			isa = PBXSourcesBuildPhase;
			buildActionMask = 2147483647;
			files = (
				72A36A701F5D761F00798329 /* PokeCell.swift in Sources */,
				72A36A5B1F5D579C00798329 /* ViewController.swift in Sources */,
				72A36A591F5D579C00798329 /* AppDelegate.swift in Sources */,
				72A36A6D1F5D63C500798329 /* Pokemon.swift in Sources */,
			);
			runOnlyForDeploymentPostprocessing = 0;
		};
/* End PBXSourcesBuildPhase section */

/* Begin PBXVariantGroup section */
		72A36A5C1F5D579C00798329 /* Main.storyboard */ = {
			isa = PBXVariantGroup;
			children = (
				72A36A5D1F5D579C00798329 /* Base */,
			);
			name = Main.storyboard;
			sourceTree = "<group>";
		};
		72A36A611F5D579C00798329 /* LaunchScreen.storyboard */ = {
			isa = PBXVariantGroup;
			children = (
				72A36A621F5D579C00798329 /* Base */,
			);
			name = LaunchScreen.storyboard;
			sourceTree = "<group>";
		};
/* End PBXVariantGroup section */

/* Begin XCBuildConfiguration section */
		72A36A651F5D579C00798329 /* Debug */ = {
			isa = XCBuildConfiguration;
			buildSettings = {
				ALWAYS_SEARCH_USER_PATHS = NO;
				CLANG_ANALYZER_NONNULL = YES;
				CLANG_ANALYZER_NUMBER_OBJECT_CONVERSION = YES_AGGRESSIVE;
				CLANG_CXX_LANGUAGE_STANDARD = "gnu++14";
				CLANG_CXX_LIBRARY = "libc++";
				CLANG_ENABLE_MODULES = YES;
				CLANG_ENABLE_OBJC_ARC = YES;
				CLANG_WARN_BLOCK_CAPTURE_AUTORELEASING = YES;
				CLANG_WARN_BOOL_CONVERSION = YES;
				CLANG_WARN_COMMA = YES;
				CLANG_WARN_CONSTANT_CONVERSION = YES;
				CLANG_WARN_DIRECT_OBJC_ISA_USAGE = YES_ERROR;
				CLANG_WARN_DOCUMENTATION_COMMENTS = YES;
				CLANG_WARN_EMPTY_BODY = YES;
				CLANG_WARN_ENUM_CONVERSION = YES;
				CLANG_WARN_INFINITE_RECURSION = YES;
				CLANG_WARN_INT_CONVERSION = YES;
				CLANG_WARN_NON_LITERAL_NULL_CONVERSION = YES;
				CLANG_WARN_OBJC_LITERAL_CONVERSION = YES;
				CLANG_WARN_OBJC_ROOT_CLASS = YES_ERROR;
				CLANG_WARN_RANGE_LOOP_ANALYSIS = YES;
				CLANG_WARN_STRICT_PROTOTYPES = YES;
				CLANG_WARN_SUSPICIOUS_MOVE = YES;
				CLANG_WARN_UNGUARDED_AVAILABILITY = YES_AGGRESSIVE;
				CLANG_WARN_UNREACHABLE_CODE = YES;
				CLANG_WARN__DUPLICATE_METHOD_MATCH = YES;
				CODE_SIGN_IDENTITY = "iPhone Developer";
				COPY_PHASE_STRIP = NO;
				DEBUG_INFORMATION_FORMAT = dwarf;
				ENABLE_STRICT_OBJC_MSGSEND = YES;
				ENABLE_TESTABILITY = YES;
				GCC_C_LANGUAGE_STANDARD = gnu11;
				GCC_DYNAMIC_NO_PIC = NO;
				GCC_NO_COMMON_BLOCKS = YES;
				GCC_OPTIMIZATION_LEVEL = 0;
				GCC_PREPROCESSOR_DEFINITIONS = (
					"DEBUG=1",
					"$(inherited)",
				);
				GCC_WARN_64_TO_32_BIT_CONVERSION = YES;
				GCC_WARN_ABOUT_RETURN_TYPE = YES_ERROR;
				GCC_WARN_UNDECLARED_SELECTOR = YES;
				GCC_WARN_UNINITIALIZED_AUTOS = YES_AGGRESSIVE;
				GCC_WARN_UNUSED_FUNCTION = YES;
				GCC_WARN_UNUSED_VARIABLE = YES;
				IPHONEOS_DEPLOYMENT_TARGET = 11.0;
				MTL_ENABLE_DEBUG_INFO = YES;
				ONLY_ACTIVE_ARCH = YES;
				SDKROOT = iphoneos;
				SWIFT_ACTIVE_COMPILATION_CONDITIONS = DEBUG;
				SWIFT_OPTIMIZATION_LEVEL = "-Onone";
			};
			name = Debug;
		};
		72A36A661F5D579C00798329 /* Release */ = {
			isa = XCBuildConfiguration;
			buildSettings = {
				ALWAYS_SEARCH_USER_PATHS = NO;
				CLANG_ANALYZER_NONNULL = YES;
				CLANG_ANALYZER_NUMBER_OBJECT_CONVERSION = YES_AGGRESSIVE;
				CLANG_CXX_LANGUAGE_STANDARD = "gnu++14";
				CLANG_CXX_LIBRARY = "libc++";
				CLANG_ENABLE_MODULES = YES;
				CLANG_ENABLE_OBJC_ARC = YES;
				CLANG_WARN_BLOCK_CAPTURE_AUTORELEASING = YES;
				CLANG_WARN_BOOL_CONVERSION = YES;
				CLANG_WARN_COMMA = YES;
				CLANG_WARN_CONSTANT_CONVERSION = YES;
				CLANG_WARN_DIRECT_OBJC_ISA_USAGE = YES_ERROR;
				CLANG_WARN_DOCUMENTATION_COMMENTS = YES;
				CLANG_WARN_EMPTY_BODY = YES;
				CLANG_WARN_ENUM_CONVERSION = YES;
				CLANG_WARN_INFINITE_RECURSION = YES;
				CLANG_WARN_INT_CONVERSION = YES;
				CLANG_WARN_NON_LITERAL_NULL_CONVERSION = YES;
				CLANG_WARN_OBJC_LITERAL_CONVERSION = YES;
				CLANG_WARN_OBJC_ROOT_CLASS = YES_ERROR;
				CLANG_WARN_RANGE_LOOP_ANALYSIS = YES;
				CLANG_WARN_STRICT_PROTOTYPES = YES;
				CLANG_WARN_SUSPICIOUS_MOVE = YES;
				CLANG_WARN_UNGUARDED_AVAILABILITY = YES_AGGRESSIVE;
				CLANG_WARN_UNREACHABLE_CODE = YES;
				CLANG_WARN__DUPLICATE_METHOD_MATCH = YES;
				CODE_SIGN_IDENTITY = "iPhone Developer";
				COPY_PHASE_STRIP = NO;
				DEBUG_INFORMATION_FORMAT = "dwarf-with-dsym";
				ENABLE_NS_ASSERTIONS = NO;
				ENABLE_STRICT_OBJC_MSGSEND = YES;
				GCC_C_LANGUAGE_STANDARD = gnu11;
				GCC_NO_COMMON_BLOCKS = YES;
				GCC_WARN_64_TO_32_BIT_CONVERSION = YES;
				GCC_WARN_ABOUT_RETURN_TYPE = YES_ERROR;
				GCC_WARN_UNDECLARED_SELECTOR = YES;
				GCC_WARN_UNINITIALIZED_AUTOS = YES_AGGRESSIVE;
				GCC_WARN_UNUSED_FUNCTION = YES;
				GCC_WARN_UNUSED_VARIABLE = YES;
				IPHONEOS_DEPLOYMENT_TARGET = 11.0;
				MTL_ENABLE_DEBUG_INFO = NO;
				SDKROOT = iphoneos;
				SWIFT_OPTIMIZATION_LEVEL = "-Owholemodule";
				VALIDATE_PRODUCT = YES;
			};
			name = Release;
		};
		72A36A681F5D579C00798329 /* Debug */ = {
			isa = XCBuildConfiguration;
			buildSettings = {
				ASSETCATALOG_COMPILER_APPICON_NAME = AppIcon;
				DEVELOPMENT_TEAM = FF6EAMP99X;
				INFOPLIST_FILE = pokedex4/Info.plist;
				LD_RUNPATH_SEARCH_PATHS = "$(inherited) @executable_path/Frameworks";
				PRODUCT_BUNDLE_IDENTIFIER = com.weHD.pokedex4;
				PRODUCT_NAME = "$(TARGET_NAME)";
				SWIFT_VERSION = 4.0;
				TARGETED_DEVICE_FAMILY = "1,2";
			};
			name = Debug;
		};
		72A36A691F5D579C00798329 /* Release */ = {
			isa = XCBuildConfiguration;
			buildSettings = {
				ASSETCATALOG_COMPILER_APPICON_NAME = AppIcon;
				DEVELOPMENT_TEAM = FF6EAMP99X;
				INFOPLIST_FILE = pokedex4/Info.plist;
				LD_RUNPATH_SEARCH_PATHS = "$(inherited) @executable_path/Frameworks";
				PRODUCT_BUNDLE_IDENTIFIER = com.weHD.pokedex4;
				PRODUCT_NAME = "$(TARGET_NAME)";
				SWIFT_VERSION = 4.0;
				TARGETED_DEVICE_FAMILY = "1,2";
			};
			name = Release;
		};
/* End XCBuildConfiguration section */

/* Begin XCConfigurationList section */
		72A36A501F5D579C00798329 /* Build configuration list for PBXProject "pokedex4" */ = {
			isa = XCConfigurationList;
			buildConfigurations = (
				72A36A651F5D579C00798329 /* Debug */,
				72A36A661F5D579C00798329 /* Release */,
			);
			defaultConfigurationIsVisible = 0;
			defaultConfigurationName = Release;
		};
		72A36A671F5D579C00798329 /* Build configuration list for PBXNativeTarget "pokedex4" */ = {
			isa = XCConfigurationList;
			buildConfigurations = (
				72A36A681F5D579C00798329 /* Debug */,
				72A36A691F5D579C00798329 /* Release */,
			);
			defaultConfigurationIsVisible = 0;
			defaultConfigurationName = Release;
		};
/* End XCConfigurationList section */
	};
	rootObject = 72A36A4D1F5D579C00798329 /* Project object */;
}
